<?xml version="1.0" encoding="utf-8"?>
<Project ToolsVersion="4.0" xmlns:atg="http://atg.xbox.com" xmlns="http://schemas.microsoft.com/developer/msbuild/2003">
  <ItemGroup>
    <Filter Include="DXUT">
      <UniqueIdentifier>{a43c5c25-0e86-4a20-b64a-883785ff74fd}</UniqueIdentifier>
    </Filter>
    <Filter Include="FBXLoader">
      <UniqueIdentifier>{e08944d0-f2da-41ae-b2f4-b6ccdd2858e3}</UniqueIdentifier>
    </Filter>
    <Filter Include="Resource">
      <UniqueIdentifier>{8e114980-c1a3-4ada-ad7c-83caadf5daeb}</UniqueIdentifier>
      <Extensions>rc;ico;cur;bmp;dlg;rc2;rct;bin;rgs;gif;jpg;jpeg;jpe</Extensions>
    </Filter>
    <Filter Include="Shader">
      <UniqueIdentifier>{270e0ca3-bd77-4e33-b745-30e3f5152873}</UniqueIdentifier>
    </Filter>
    <Filter Include="Source">
      <UniqueIdentifier>{8820ed8c-1740-4d79-b39e-36cabf923c64}</UniqueIdentifier>
    </Filter>
    <Filter Include="Header">
      <UniqueIdentifier>{b33d0292-671e-4959-84ac-b2b414187207}</UniqueIdentifier>
    </Filter>
    <Filter Include="MicroProfile">
      <UniqueIdentifier>{249db449-6ce2-4510-9d66-65f1b9e198b8}</UniqueIdentifier>
    </Filter>
  </ItemGroup>
  <ItemGroup>
    <ClInclude Include="DXUT\Core\DXUT.h">
      <Filter>DXUT</Filter>
    </ClInclude>
    <ClInclude Include="DXUT\Core\DXUTDevice11.h">
      <Filter>DXUT</Filter>
    </ClInclude>
    <ClInclude Include="DXUT\Core\DXUTDevice9.h">
      <Filter>DXUT</Filter>
    </ClInclude>
    <ClInclude Include="DXUT\Core\DXUTmisc.h">
      <Filter>DXUT</Filter>
    </ClInclude>
    <ClCompile Include="DXUT\Core\DXUT.cpp">
      <Filter>DXUT</Filter>
    </ClCompile>
    <ClCompile Include="DXUT\Core\DXUTDevice11.cpp">
      <Filter>DXUT</Filter>
    </ClCompile>
    <ClCompile Include="DXUT\Core\DXUTDevice9.cpp">
      <Filter>DXUT</Filter>
    </ClCompile>
    <ClCompile Include="DXUT\Core\DXUTmisc.cpp">
      <Filter>DXUT</Filter>
    </ClCompile>
    <ClInclude Include="DXUT\Optional\DXUTcamera.h">
      <Filter>DXUT</Filter>
    </ClInclude>
    <ClInclude Include="DXUT\Optional\DXUTgui.h">
      <Filter>DXUT</Filter>
    </ClInclude>
    <ClInclude Include="DXUT\Optional\DXUTres.h">
      <Filter>DXUT</Filter>
    </ClInclude>
    <ClInclude Include="DXUT\Optional\DXUTsettingsdlg.h">
      <Filter>DXUT</Filter>
    </ClInclude>
    <ClInclude Include="DXUT\Optional\SDKmesh.h">
      <Filter>DXUT</Filter>
    </ClInclude>
    <ClInclude Include="DXUT\Optional\SDKmisc.h">
      <Filter>DXUT</Filter>
    </ClInclude>
    <ClCompile Include="DXUT\Optional\DXUTcamera.cpp">
      <Filter>DXUT</Filter>
    </ClCompile>
    <ClCompile Include="DXUT\Optional\DXUTgui.cpp">
      <Filter>DXUT</Filter>
    </ClCompile>
    <ClCompile Include="DXUT\Optional\DXUTres.cpp">
      <Filter>DXUT</Filter>
    </ClCompile>
    <ClCompile Include="DXUT\Optional\DXUTsettingsdlg.cpp">
      <Filter>DXUT</Filter>
    </ClCompile>
    <ClCompile Include="DXUT\Optional\SDKmesh.cpp">
      <Filter>DXUT</Filter>
    </ClCompile>
    <ClCompile Include="DXUT\Optional\SDKmisc.cpp">
      <Filter>DXUT</Filter>
    </ClCompile>
    <ClInclude Include="Resource\Resource.h">
      <Filter>Resource</Filter>
    </ClInclude>
    <ClInclude Include="FullScreenQuad.h">
      <Filter>Header</Filter>
    </ClInclude>
    <ClInclude Include="ModelConstants.h">
      <Filter>Header</Filter>
    </ClInclude>
    <ClInclude Include="TrueSKYRender.h">
      <Filter>Header</Filter>
    </ClInclude>
    <ClInclude Include="Model.h">
      <Filter>Header</Filter>
    </ClInclude>
    <ClInclude Include="Sphere.h">
      <Filter>Header</Filter>
    </ClInclude>
    <ClInclude Include="FrameBuffer.h">
      <Filter>Header</Filter>
    </ClInclude>
    <ClInclude Include="TrueSKYConstants.h">
      <Filter>Header</Filter>
    </ClInclude>
    <ClInclude Include="UIContstants.h">
      <Filter>Header</Filter>
    </ClInclude>
    <ClInclude Include="RenderStates.h">
      <Filter>Header</Filter>
    </ClInclude>
    <ClInclude Include="MicroProfile\microprofile.h">
      <Filter>MicroProfile</Filter>
    </ClInclude>
    <ClInclude Include="MicroProfile\microprofile_html.h">
      <Filter>MicroProfile</Filter>
    </ClInclude>
  </ItemGroup>
  <ItemGroup>
    <ClCompile Include="FBXLoader\CFBXLoader.cpp">
      <Filter>FBXLoader</Filter>
    </ClCompile>
    <ClCompile Include="FBXLoader\CFBXRendererDX11.cpp">
      <Filter>FBXLoader</Filter>
    </ClCompile>
    <ClCompile Include="FBXLoader\DDSTextureLoader.cpp">
      <Filter>FBXLoader</Filter>
    </ClCompile>
    <ClCompile Include="FullScreenQuad.cpp">
      <Filter>Source</Filter>
    </ClCompile>
    <ClCompile Include="Model.cpp">
      <Filter>Source</Filter>
    </ClCompile>
    <ClCompile Include="Sphere.cpp">
      <Filter>Source</Filter>
    </ClCompile>
    <ClCompile Include="TrueSKYRender.cpp">
      <Filter>Source</Filter>
    </ClCompile>
    <ClCompile Include="main.cpp" />
    <ClCompile Include="FrameBuffer.cpp">
      <Filter>Source</Filter>
    </ClCompile>
    <ClCompile Include="RenderStates.cpp">
      <Filter>Source</Filter>
    </ClCompile>
    <ClCompile Include="MicroProfile\microprofile.cpp">
      <Filter>MicroProfile</Filter>
    </ClCompile>
  </ItemGroup>
  <ItemGroup>
    <ClInclude Include="FBXLoader\CFBXLoader.h">
      <Filter>FBXLoader</Filter>
    </ClInclude>
    <ClInclude Include="FBXLoader\CFBXRendererDX11.h">
      <Filter>FBXLoader</Filter>
    </ClInclude>
    <ClInclude Include="FBXLoader\DDSTextureLoader.h">
      <Filter>FBXLoader</Filter>
    </ClInclude>
  </ItemGroup>
  <ItemGroup>
    <None Include="Resource\basic_setting.sq">
      <Filter>Resource</Filter>
    </None>
    <None Include="Resource\basic_setting_plus_windspeed.sq">
      <Filter>Resource</Filter>
    </None>
    <None Include="Resource\sulan2.fbx">
      <Filter>Resource</Filter>
    </None>
    <None Include="Resource\trueSKY.aps">
      <Filter>Resource</Filter>
    </None>
    <None Include="Shader\Quad.hlsl">
      <Filter>Shader</Filter>
    </None>
    <None Include="Shader\Sphere.hlsl">
      <Filter>Shader</Filter>
    </None>
    <None Include="Resource\blue_casual_sky_01.sq">
      <Filter>Resource</Filter>
    </None>
    <None Include="Resource\blue_casual_sky_02.sq">
      <Filter>Resource</Filter>
    </None>
    <None Include="Shader\LoadModel.hlsl">
      <Filter>Shader</Filter>
    </None>
    <None Include="Resource\newsequence_03.sq">
      <Filter>Resource</Filter>
    </None>
  </ItemGroup>
  <ItemGroup>
    <Image Include="Resource\directx.ico">
      <Filter>Resource</Filter>
    </Image>
  </ItemGroup>
  <ItemGroup>
    <ResourceCompile Include="Resource\trueSKY.rc">
      <Filter>Resource</Filter>
    </ResourceCompile>
  </ItemGroup>
</Project>