<?xml version="1.0" encoding="utf-8"?>
<Project ToolsVersion="4.0" xmlns:atg="http://atg.xbox.com" xmlns="http://schemas.microsoft.com/developer/msbuild/2003">
  <ItemGroup>
    <Filter Include="Shaders">
      <UniqueIdentifier>{2c3d4c8c-5d1a-459a-a05a-a4e4b608a44e}</UniqueIdentifier>
      <Extensions>fx;fxh;hlsl</Extensions>
    </Filter>
    <Filter Include="Header">
      <UniqueIdentifier>{9025d89e-8e5d-4170-a9c8-fdd49ced32a5}</UniqueIdentifier>
    </Filter>
    <Filter Include="Source">
      <UniqueIdentifier>{3e4a76c0-e8d2-4d8e-a0d0-b76655a5d485}</UniqueIdentifier>
    </Filter>
    <Filter Include="FBX">
      <UniqueIdentifier>{45ae82d2-0c68-48b4-b36f-64b18039c6bd}</UniqueIdentifier>
    </Filter>
    <Filter Include="Resource Files">
      <UniqueIdentifier>{8e114980-c1a3-4ada-ad7c-83caadf5daeb}</UniqueIdentifier>
      <Extensions>rc;ico;cur;bmp;dlg;rc2;rct;bin;rgs;gif;jpg;jpeg;jpe</Extensions>
    </Filter>
  </ItemGroup>
  <ItemGroup>
    <None Include="..\..\..\DXUT\Optional\directx.ico">
      <Filter>Resource Files</Filter>
    </None>
    <None Include="Resource\basic_setting.sq">
      <Filter>Resource Files</Filter>
    </None>
    <None Include="Resource\basic_setting_plus_windspeed.sq">
      <Filter>Resource Files</Filter>
    </None>
    <None Include="Resource\sulan2.fbx">
      <Filter>Resource Files</Filter>
    </None>
    <None Include="LoadModel.hlsl">
      <Filter>Shaders</Filter>
    </None>
    <None Include="Sphere.hlsl">
      <Filter>Shaders</Filter>
    </None>
    <None Include="Quad.hlsl">
      <Filter>Shaders</Filter>
    </None>
  </ItemGroup>
  <ItemGroup>
    <ClCompile Include="Model.cpp">
      <Filter>Source</Filter>
    </ClCompile>
    <ClCompile Include="CFBXLoader.cpp">
      <Filter>FBX</Filter>
    </ClCompile>
    <ClCompile Include="CFBXRendererDX11.cpp">
      <Filter>FBX</Filter>
    </ClCompile>
    <ClCompile Include="DDSTextureLoader.cpp">
      <Filter>FBX</Filter>
    </ClCompile>
    <ClCompile Include="Sphere.cpp">
      <Filter>Source</Filter>
    </ClCompile>
    <ClCompile Include="main.cpp" />
    <ClCompile Include="TrueSKYRender.cpp">
      <Filter>Source</Filter>
    </ClCompile>
    <ClCompile Include="FullScreenQuad.cpp">
      <Filter>Source</Filter>
    </ClCompile>
  </ItemGroup>
  <ItemGroup>
    <CLInclude Include="resource.h">
      <Filter>Resource Files</Filter>
    </CLInclude>
    <ClInclude Include="Model.h">
      <Filter>Header</Filter>
    </ClInclude>
    <ClInclude Include="CFBXLoader.h">
      <Filter>FBX</Filter>
    </ClInclude>
    <ClInclude Include="CFBXRendererDX11.h">
      <Filter>FBX</Filter>
    </ClInclude>
    <ClInclude Include="DDSTextureLoader.h">
      <Filter>FBX</Filter>
    </ClInclude>
    <ClInclude Include="Sphere.h">
      <Filter>Header</Filter>
    </ClInclude>
    <ClInclude Include="ModelConstants.h">
      <Filter>Header</Filter>
    </ClInclude>
    <ClInclude Include="TrueSKYRender.h">
      <Filter>Header</Filter>
    </ClInclude>
    <ClInclude Include="FullScreenQuad.h">
      <Filter>Header</Filter>
    </ClInclude>
  </ItemGroup>
  <ItemGroup>
    <ResourceCompile Include="trueSKY.rc">
      <Filter>Resource Files</Filter>
    </ResourceCompile>
  </ItemGroup>
</Project>