
Microsoft Visual Studio Solution File, Format Version 12.00
# Visual Studio 14
VisualStudioVersion = 14.0.25420.1
MinimumVisualStudioVersion = 10.0.40219.1
Project("{8BC9CEB8-8B4A-11D0-8D11-00A0C91BC942}") = "trueSKY", "trueSKY\trueSKY.vcxproj", "{7603881D-BA8A-4550-BD3C-0C2F02D609A4}"
	ProjectSection(ProjectDependencies) = postProject
		{6857F086-F6FE-4150-9ED7-7446F1C1C220} = {6857F086-F6FE-4150-9ED7-7446F1C1C220}
	EndProjectSection
EndProject
Project("{8BC9CEB8-8B4A-11D0-8D11-00A0C91BC942}") = "DXUTOpt", "DXUT\Optional\DXUTOpt_2012.vcxproj", "{61B333C2-C4F7-4CC1-A9BF-83F6D95588EB}"
EndProject
Project("{8BC9CEB8-8B4A-11D0-8D11-00A0C91BC942}") = "DXUT", "DXUT\Core\DXUT_2012.vcxproj", "{85344B7F-5AA0-4E12-A065-D1333D11F6CA}"
EndProject
Project("{8BC9CEB8-8B4A-11D0-8D11-00A0C91BC942}") = "DirectXMesh", "DirectXMesh\DirectXMesh\DirectXMesh_Desktop_2015.vcxproj", "{6857F086-F6FE-4150-9ED7-7446F1C1C220}"
EndProject
Global
	GlobalSection(SolutionConfigurationPlatforms) = preSolution
		Debug|x64 = Debug|x64
		Debug|x86 = Debug|x86
		Profile|x64 = Profile|x64
		Profile|x86 = Profile|x86
		Release|x64 = Release|x64
		Release|x86 = Release|x86
	EndGlobalSection
	GlobalSection(ProjectConfigurationPlatforms) = postSolution
		{7603881D-BA8A-4550-BD3C-0C2F02D609A4}.Debug|x64.ActiveCfg = Debug|x64
		{7603881D-BA8A-4550-BD3C-0C2F02D609A4}.Debug|x64.Build.0 = Debug|x64
		{7603881D-BA8A-4550-BD3C-0C2F02D609A4}.Debug|x86.ActiveCfg = Debug|Win32
		{7603881D-BA8A-4550-BD3C-0C2F02D609A4}.Debug|x86.Build.0 = Debug|Win32
		{7603881D-BA8A-4550-BD3C-0C2F02D609A4}.Profile|x64.ActiveCfg = Profile|x64
		{7603881D-BA8A-4550-BD3C-0C2F02D609A4}.Profile|x64.Build.0 = Profile|x64
		{7603881D-BA8A-4550-BD3C-0C2F02D609A4}.Profile|x86.ActiveCfg = Profile|Win32
		{7603881D-BA8A-4550-BD3C-0C2F02D609A4}.Profile|x86.Build.0 = Profile|Win32
		{7603881D-BA8A-4550-BD3C-0C2F02D609A4}.Release|x64.ActiveCfg = Release|x64
		{7603881D-BA8A-4550-BD3C-0C2F02D609A4}.Release|x64.Build.0 = Release|x64
		{7603881D-BA8A-4550-BD3C-0C2F02D609A4}.Release|x86.ActiveCfg = Release|Win32
		{7603881D-BA8A-4550-BD3C-0C2F02D609A4}.Release|x86.Build.0 = Release|Win32
		{61B333C2-C4F7-4CC1-A9BF-83F6D95588EB}.Debug|x64.ActiveCfg = Debug|x64
		{61B333C2-C4F7-4CC1-A9BF-83F6D95588EB}.Debug|x64.Build.0 = Debug|x64
		{61B333C2-C4F7-4CC1-A9BF-83F6D95588EB}.Debug|x86.ActiveCfg = Debug|Win32
		{61B333C2-C4F7-4CC1-A9BF-83F6D95588EB}.Debug|x86.Build.0 = Debug|Win32
		{61B333C2-C4F7-4CC1-A9BF-83F6D95588EB}.Profile|x64.ActiveCfg = Profile|x64
		{61B333C2-C4F7-4CC1-A9BF-83F6D95588EB}.Profile|x64.Build.0 = Profile|x64
		{61B333C2-C4F7-4CC1-A9BF-83F6D95588EB}.Profile|x86.ActiveCfg = Profile|Win32
		{61B333C2-C4F7-4CC1-A9BF-83F6D95588EB}.Profile|x86.Build.0 = Profile|Win32
		{61B333C2-C4F7-4CC1-A9BF-83F6D95588EB}.Release|x64.ActiveCfg = Release|x64
		{61B333C2-C4F7-4CC1-A9BF-83F6D95588EB}.Release|x64.Build.0 = Release|x64
		{61B333C2-C4F7-4CC1-A9BF-83F6D95588EB}.Release|x86.ActiveCfg = Release|Win32
		{61B333C2-C4F7-4CC1-A9BF-83F6D95588EB}.Release|x86.Build.0 = Release|Win32
		{85344B7F-5AA0-4E12-A065-D1333D11F6CA}.Debug|x64.ActiveCfg = Debug|x64
		{85344B7F-5AA0-4E12-A065-D1333D11F6CA}.Debug|x64.Build.0 = Debug|x64
		{85344B7F-5AA0-4E12-A065-D1333D11F6CA}.Debug|x86.ActiveCfg = Debug|Win32
		{85344B7F-5AA0-4E12-A065-D1333D11F6CA}.Debug|x86.Build.0 = Debug|Win32
		{85344B7F-5AA0-4E12-A065-D1333D11F6CA}.Profile|x64.ActiveCfg = Profile|x64
		{85344B7F-5AA0-4E12-A065-D1333D11F6CA}.Profile|x64.Build.0 = Profile|x64
		{85344B7F-5AA0-4E12-A065-D1333D11F6CA}.Profile|x86.ActiveCfg = Profile|Win32
		{85344B7F-5AA0-4E12-A065-D1333D11F6CA}.Profile|x86.Build.0 = Profile|Win32
		{85344B7F-5AA0-4E12-A065-D1333D11F6CA}.Release|x64.ActiveCfg = Release|x64
		{85344B7F-5AA0-4E12-A065-D1333D11F6CA}.Release|x64.Build.0 = Release|x64
		{85344B7F-5AA0-4E12-A065-D1333D11F6CA}.Release|x86.ActiveCfg = Release|Win32
		{85344B7F-5AA0-4E12-A065-D1333D11F6CA}.Release|x86.Build.0 = Release|Win32
		{6857F086-F6FE-4150-9ED7-7446F1C1C220}.Debug|x64.ActiveCfg = Debug|x64
		{6857F086-F6FE-4150-9ED7-7446F1C1C220}.Debug|x64.Build.0 = Debug|x64
		{6857F086-F6FE-4150-9ED7-7446F1C1C220}.Debug|x86.ActiveCfg = Debug|Win32
		{6857F086-F6FE-4150-9ED7-7446F1C1C220}.Debug|x86.Build.0 = Debug|Win32
		{6857F086-F6FE-4150-9ED7-7446F1C1C220}.Profile|x64.ActiveCfg = Profile|x64
		{6857F086-F6FE-4150-9ED7-7446F1C1C220}.Profile|x64.Build.0 = Profile|x64
		{6857F086-F6FE-4150-9ED7-7446F1C1C220}.Profile|x86.ActiveCfg = Profile|Win32
		{6857F086-F6FE-4150-9ED7-7446F1C1C220}.Profile|x86.Build.0 = Profile|Win32
		{6857F086-F6FE-4150-9ED7-7446F1C1C220}.Release|x64.ActiveCfg = Release|x64
		{6857F086-F6FE-4150-9ED7-7446F1C1C220}.Release|x64.Build.0 = Release|x64
		{6857F086-F6FE-4150-9ED7-7446F1C1C220}.Release|x86.ActiveCfg = Release|Win32
		{6857F086-F6FE-4150-9ED7-7446F1C1C220}.Release|x86.Build.0 = Release|Win32
	EndGlobalSection
	GlobalSection(SolutionProperties) = preSolution
		HideSolutionNode = FALSE
	EndGlobalSection
EndGlobal
